{
    "name": "com.witshells.designpatterns",
    "version": "1.0.1",
    "lockfileVersion": 3,
    "requires": true,
    "packages": {
        "": {
            "name": "com.witshells.designpatterns",
            "version": "1.0.1",
            "dependencies": {
                "com.witshells.designpatterns": "file:"
            }
        },
        "node_modules/com.witshells.designpatterns": {
            "resolved": "",
            "link": true
        }
    }
}
